// !$*UTF8*$!
{
	archiveVersion = 1;
	classes = {
	};
	objectVersion = 56;
	objects = {

/* Begin PBXBuildFile section */
		FC4C324F2B60FFE400CCBDF1 /* AlarmListHeaderCell.swift in Sources */ = {isa = PBXBuildFile; fileRef = FC4C324D2B60FFE400CCBDF1 /* AlarmListHeaderCell.swift */; };
		FC4C32502B60FFE400CCBDF1 /* AlarmListHeaderCell.xib in Resources */ = {isa = PBXBuildFile; fileRef = FC4C324E2B60FFE400CCBDF1 /* AlarmListHeaderCell.xib */; };
		FC4C32522B611E6F00CCBDF1 /* ClockModel.swift in Sources */ = {isa = PBXBuildFile; fileRef = FC4C32512B611E6F00CCBDF1 /* ClockModel.swift */; };
		FC4C32572B612A4700CCBDF1 /* AddAlarmViewController.swift in Sources */ = {isa = PBXBuildFile; fileRef = FC4C32562B612A4700CCBDF1 /* AddAlarmViewController.swift */; };
		FC4C32652B63D7D300CCBDF1 /* UIColor+Extension.swift in Sources */ = {isa = PBXBuildFile; fileRef = FC4C32642B63D7D300CCBDF1 /* UIColor+Extension.swift */; };
		FC4C32672B63DBDC00CCBDF1 /* StopWatchViewController.swift in Sources */ = {isa = PBXBuildFile; fileRef = FC4C32662B63DBDC00CCBDF1 /* StopWatchViewController.swift */; };
		FCC1EA292B5061C90001A65A /* AppDelegate.swift in Sources */ = {isa = PBXBuildFile; fileRef = FCC1EA282B5061C90001A65A /* AppDelegate.swift */; };
		FCC1EA2B2B5061C90001A65A /* SceneDelegate.swift in Sources */ = {isa = PBXBuildFile; fileRef = FCC1EA2A2B5061C90001A65A /* SceneDelegate.swift */; };
		FCC1EA302B5061C90001A65A /* Main.storyboard in Resources */ = {isa = PBXBuildFile; fileRef = FCC1EA2E2B5061C90001A65A /* Main.storyboard */; };
		FCC1EA322B5061CC0001A65A /* Assets.xcassets in Resources */ = {isa = PBXBuildFile; fileRef = FCC1EA312B5061CC0001A65A /* Assets.xcassets */; };
		FCC1EA352B5061CC0001A65A /* LaunchScreen.storyboard in Resources */ = {isa = PBXBuildFile; fileRef = FCC1EA332B5061CC0001A65A /* LaunchScreen.storyboard */; };
		FCC1EA3E2B514A9F0001A65A /* AlarmListCell.swift in Sources */ = {isa = PBXBuildFile; fileRef = FCC1EA3C2B514A9F0001A65A /* AlarmListCell.swift */; };
		FCC1EA3F2B514A9F0001A65A /* AlarmListCell.xib in Resources */ = {isa = PBXBuildFile; fileRef = FCC1EA3D2B514A9F0001A65A /* AlarmListCell.xib */; };
		FCC1EA412B5166620001A65A /* AlarmListViewController.swift in Sources */ = {isa = PBXBuildFile; fileRef = FCC1EA402B5166620001A65A /* AlarmListViewController.swift */; };
/* End PBXBuildFile section */

/* Begin PBXFileReference section */
		FC4C324D2B60FFE400CCBDF1 /* AlarmListHeaderCell.swift */ = {isa = PBXFileReference; lastKnownFileType = sourcecode.swift; path = AlarmListHeaderCell.swift; sourceTree = "<group>"; };
		FC4C324E2B60FFE400CCBDF1 /* AlarmListHeaderCell.xib */ = {isa = PBXFileReference; lastKnownFileType = file.xib; path = AlarmListHeaderCell.xib; sourceTree = "<group>"; };
		FC4C32512B611E6F00CCBDF1 /* ClockModel.swift */ = {isa = PBXFileReference; lastKnownFileType = sourcecode.swift; path = ClockModel.swift; sourceTree = "<group>"; };
		FC4C32562B612A4700CCBDF1 /* AddAlarmViewController.swift */ = {isa = PBXFileReference; lastKnownFileType = sourcecode.swift; path = AddAlarmViewController.swift; sourceTree = "<group>"; };
		FC4C32642B63D7D300CCBDF1 /* UIColor+Extension.swift */ = {isa = PBXFileReference; lastKnownFileType = sourcecode.swift; path = "UIColor+Extension.swift"; sourceTree = "<group>"; };
		FC4C32662B63DBDC00CCBDF1 /* StopWatchViewController.swift */ = {isa = PBXFileReference; lastKnownFileType = sourcecode.swift; path = StopWatchViewController.swift; sourceTree = "<group>"; };
		FCC1EA252B5061C90001A65A /* AppleClockApp.app */ = {isa = PBXFileReference; explicitFileType = wrapper.application; includeInIndex = 0; path = AppleClockApp.app; sourceTree = BUILT_PRODUCTS_DIR; };
		FCC1EA282B5061C90001A65A /* AppDelegate.swift */ = {isa = PBXFileReference; lastKnownFileType = sourcecode.swift; path = AppDelegate.swift; sourceTree = "<group>"; };
		FCC1EA2A2B5061C90001A65A /* SceneDelegate.swift */ = {isa = PBXFileReference; lastKnownFileType = sourcecode.swift; path = SceneDelegate.swift; sourceTree = "<group>"; };
		FCC1EA2F2B5061C90001A65A /* Base */ = {isa = PBXFileReference; lastKnownFileType = file.storyboard; name = Base; path = Base.lproj/Main.storyboard; sourceTree = "<group>"; };
		FCC1EA312B5061CC0001A65A /* Assets.xcassets */ = {isa = PBXFileReference; lastKnownFileType = folder.assetcatalog; path = Assets.xcassets; sourceTree = "<group>"; };
		FCC1EA342B5061CC0001A65A /* Base */ = {isa = PBXFileReference; lastKnownFileType = file.storyboard; name = Base; path = Base.lproj/LaunchScreen.storyboard; sourceTree = "<group>"; };
		FCC1EA362B5061CC0001A65A /* Info.plist */ = {isa = PBXFileReference; lastKnownFileType = text.plist.xml; path = Info.plist; sourceTree = "<group>"; };
		FCC1EA3C2B514A9F0001A65A /* AlarmListCell.swift */ = {isa = PBXFileReference; lastKnownFileType = sourcecode.swift; path = AlarmListCell.swift; sourceTree = "<group>"; };
		FCC1EA3D2B514A9F0001A65A /* AlarmListCell.xib */ = {isa = PBXFileReference; lastKnownFileType = file.xib; path = AlarmListCell.xib; sourceTree = "<group>"; };
		FCC1EA402B5166620001A65A /* AlarmListViewController.swift */ = {isa = PBXFileReference; lastKnownFileType = sourcecode.swift; path = AlarmListViewController.swift; sourceTree = "<group>"; };
/* End PBXFileReference section */

/* Begin PBXFrameworksBuildPhase section */
		FCC1EA222B5061C90001A65A /* Frameworks */ = {
			isa = PBXFrameworksBuildPhase;
			buildActionMask = 2147483647;
			files = (
			);
			runOnlyForDeploymentPostprocessing = 0;
		};
/* End PBXFrameworksBuildPhase section */

/* Begin PBXGroup section */
		FC4C32552B611F9600CCBDF1 /* Models */ = {
			isa = PBXGroup;
			children = (
				FC4C32512B611E6F00CCBDF1 /* ClockModel.swift */,
				FCC1EA462B517FB70001A65A /* ViewModel */,
			);
			path = Models;
			sourceTree = "<group>";
		};
		FC4C325C2B63D24800CCBDF1 /* Resources */ = {
			isa = PBXGroup;
			children = (
				FCC1EA312B5061CC0001A65A /* Assets.xcassets */,
			);
			path = Resources;
			sourceTree = "<group>";
		};
		FC4C325D2B63D2E800CCBDF1 /* Module */ = {
			isa = PBXGroup;
			children = (
				FCC1EA492B5180A40001A65A /* Cells */,
			);
			path = Module;
			sourceTree = "<group>";
		};
		FC4C325E2B63D33E00CCBDF1 /* Controllers */ = {
			isa = PBXGroup;
			children = (
				FCC1EA402B5166620001A65A /* AlarmListViewController.swift */,
				FC4C32562B612A4700CCBDF1 /* AddAlarmViewController.swift */,
				FC4C32662B63DBDC00CCBDF1 /* StopWatchViewController.swift */,
			);
			path = Controllers;
			sourceTree = "<group>";
		};
		FC4C325F2B63D38700CCBDF1 /* Api */ = {
			isa = PBXGroup;
			children = (
				FC4C325E2B63D33E00CCBDF1 /* Controllers */,
				FC4C32552B611F9600CCBDF1 /* Models */,
				FC4C325D2B63D2E800CCBDF1 /* Module */,
			);
			path = Api;
			sourceTree = "<group>";
		};
		FC4C32602B63D44800CCBDF1 /* AlarmListHeaderCell */ = {
			isa = PBXGroup;
			children = (
				FC4C324D2B60FFE400CCBDF1 /* AlarmListHeaderCell.swift */,
				FC4C324E2B60FFE400CCBDF1 /* AlarmListHeaderCell.xib */,
			);
			path = AlarmListHeaderCell;
			sourceTree = "<group>";
		};
		FC4C32612B63D46700CCBDF1 /* AlarmListCell */ = {
			isa = PBXGroup;
			children = (
				FCC1EA3C2B514A9F0001A65A /* AlarmListCell.swift */,
				FCC1EA3D2B514A9F0001A65A /* AlarmListCell.xib */,
			);
			path = AlarmListCell;
			sourceTree = "<group>";
		};
		FC4C32622B63D4C900CCBDF1 /* Utils */ = {
			isa = PBXGroup;
			children = (
				FC4C32632B63D4FA00CCBDF1 /* Extensions */,
			);
			path = Utils;
			sourceTree = "<group>";
		};
		FC4C32632B63D4FA00CCBDF1 /* Extensions */ = {
			isa = PBXGroup;
			children = (
				FC4C32642B63D7D300CCBDF1 /* UIColor+Extension.swift */,
			);
			path = Extensions;
			sourceTree = "<group>";
		};
		FCC1EA1C2B5061C90001A65A = {
			isa = PBXGroup;
			children = (
				FCC1EA272B5061C90001A65A /* AppleClockApp */,
				FCC1EA262B5061C90001A65A /* Products */,
			);
			sourceTree = "<group>";
		};
		FCC1EA262B5061C90001A65A /* Products */ = {
			isa = PBXGroup;
			children = (
				FCC1EA252B5061C90001A65A /* AppleClockApp.app */,
			);
			name = Products;
			sourceTree = "<group>";
		};
		FCC1EA272B5061C90001A65A /* AppleClockApp */ = {
			isa = PBXGroup;
			children = (
				FC4C32622B63D4C900CCBDF1 /* Utils */,
				FC4C325F2B63D38700CCBDF1 /* Api */,
				FC4C325C2B63D24800CCBDF1 /* Resources */,
				FCC1EA282B5061C90001A65A /* AppDelegate.swift */,
				FCC1EA2A2B5061C90001A65A /* SceneDelegate.swift */,
				FCC1EA2E2B5061C90001A65A /* Main.storyboard */,
				FCC1EA332B5061CC0001A65A /* LaunchScreen.storyboard */,
				FCC1EA362B5061CC0001A65A /* Info.plist */,
			);
			path = AppleClockApp;
			sourceTree = "<group>";
		};
		FCC1EA462B517FB70001A65A /* ViewModel */ = {
			isa = PBXGroup;
			children = (
			);
			path = ViewModel;
			sourceTree = "<group>";
		};
		FCC1EA492B5180A40001A65A /* Cells */ = {
			isa = PBXGroup;
			children = (
				FC4C32612B63D46700CCBDF1 /* AlarmListCell */,
				FCC1EA4A2B5180EA0001A65A /* Header */,
			);
			path = Cells;
			sourceTree = "<group>";
		};
		FCC1EA4A2B5180EA0001A65A /* Header */ = {
			isa = PBXGroup;
			children = (
				FC4C32602B63D44800CCBDF1 /* AlarmListHeaderCell */,
			);
			path = Header;
			sourceTree = "<group>";
		};
/* End PBXGroup section */

/* Begin PBXNativeTarget section */
		FCC1EA242B5061C90001A65A /* AppleClockApp */ = {
			isa = PBXNativeTarget;
			buildConfigurationList = FCC1EA392B5061CC0001A65A /* Build configuration list for PBXNativeTarget "AppleClockApp" */;
			buildPhases = (
				FCC1EA212B5061C90001A65A /* Sources */,
				FCC1EA222B5061C90001A65A /* Frameworks */,
				FCC1EA232B5061C90001A65A /* Resources */,
			);
			buildRules = (
			);
			dependencies = (
			);
			name = AppleClockApp;
			productName = AppleClockApp;
			productReference = FCC1EA252B5061C90001A65A /* AppleClockApp.app */;
			productType = "com.apple.product-type.application";
		};
/* End PBXNativeTarget section */

/* Begin PBXProject section */
		FCC1EA1D2B5061C90001A65A /* Project object */ = {
			isa = PBXProject;
			attributes = {
				BuildIndependentTargetsInParallel = 1;
				LastSwiftUpdateCheck = 1420;
				LastUpgradeCheck = 1520;
				TargetAttributes = {
					FCC1EA242B5061C90001A65A = {
						CreatedOnToolsVersion = 14.2;
					};
				};
			};
			buildConfigurationList = FCC1EA202B5061C90001A65A /* Build configuration list for PBXProject "AppleClockApp" */;
			compatibilityVersion = "Xcode 14.0";
			developmentRegion = en;
			hasScannedForEncodings = 0;
			knownRegions = (
				en,
				Base,
			);
			mainGroup = FCC1EA1C2B5061C90001A65A;
			productRefGroup = FCC1EA262B5061C90001A65A /* Products */;
			projectDirPath = "";
			projectRoot = "";
			targets = (
				FCC1EA242B5061C90001A65A /* AppleClockApp */,
			);
		};
/* End PBXProject section */

/* Begin PBXResourcesBuildPhase section */
		FCC1EA232B5061C90001A65A /* Resources */ = {
			isa = PBXResourcesBuildPhase;
			buildActionMask = 2147483647;
			files = (
				FCC1EA352B5061CC0001A65A /* LaunchScreen.storyboard in Resources */,
				FCC1EA322B5061CC0001A65A /* Assets.xcassets in Resources */,
				FCC1EA302B5061C90001A65A /* Main.storyboard in Resources */,
				FCC1EA3F2B514A9F0001A65A /* AlarmListCell.xib in Resources */,
				FC4C32502B60FFE400CCBDF1 /* AlarmListHeaderCell.xib in Resources */,
			);
			runOnlyForDeploymentPostprocessing = 0;
		};
/* End PBXResourcesBuildPhase section */

/* Begin PBXSourcesBuildPhase section */
		FCC1EA212B5061C90001A65A /* Sources */ = {
			isa = PBXSourcesBuildPhase;
			buildActionMask = 2147483647;
			files = (
				FCC1EA412B5166620001A65A /* AlarmListViewController.swift in Sources */,
				FCC1EA292B5061C90001A65A /* AppDelegate.swift in Sources */,
				FC4C32522B611E6F00CCBDF1 /* ClockModel.swift in Sources */,
				FC4C32572B612A4700CCBDF1 /* AddAlarmViewController.swift in Sources */,
				FC4C32672B63DBDC00CCBDF1 /* StopWatchViewController.swift in Sources */,
				FC4C324F2B60FFE400CCBDF1 /* AlarmListHeaderCell.swift in Sources */,
				FCC1EA2B2B5061C90001A65A /* SceneDelegate.swift in Sources */,
				FCC1EA3E2B514A9F0001A65A /* AlarmListCell.swift in Sources */,
				FC4C32652B63D7D300CCBDF1 /* UIColor+Extension.swift in Sources */,
			);
			runOnlyForDeploymentPostprocessing = 0;
		};
/* End PBXSourcesBuildPhase section */

/* Begin PBXVariantGroup section */
		FCC1EA2E2B5061C90001A65A /* Main.storyboard */ = {
			isa = PBXVariantGroup;
			children = (
				FCC1EA2F2B5061C90001A65A /* Base */,
			);
			name = Main.storyboard;
			sourceTree = "<group>";
		};
		FCC1EA332B5061CC0001A65A /* LaunchScreen.storyboard */ = {
			isa = PBXVariantGroup;
			children = (
				FCC1EA342B5061CC0001A65A /* Base */,
			);
			name = LaunchScreen.storyboard;
			sourceTree = "<group>";
		};
/* End PBXVariantGroup section */

/* Begin XCBuildConfiguration section */
		FCC1EA372B5061CC0001A65A /* Debug */ = {
			isa = XCBuildConfiguration;
			buildSettings = {
				ALWAYS_SEARCH_USER_PATHS = NO;
				CLANG_ANALYZER_NONNULL = YES;
				CLANG_ANALYZER_NUMBER_OBJECT_CONVERSION = YES_AGGRESSIVE;
				CLANG_CXX_LANGUAGE_STANDARD = "gnu++20";
				CLANG_ENABLE_MODULES = YES;
				CLANG_ENABLE_OBJC_ARC = YES;
				CLANG_ENABLE_OBJC_WEAK = YES;
				CLANG_WARN_BLOCK_CAPTURE_AUTORELEASING = YES;
				CLANG_WARN_BOOL_CONVERSION = YES;
				CLANG_WARN_COMMA = YES;
				CLANG_WARN_CONSTANT_CONVERSION = YES;
				CLANG_WARN_DEPRECATED_OBJC_IMPLEMENTATIONS = YES;
				CLANG_WARN_DIRECT_OBJC_ISA_USAGE = YES_ERROR;
				CLANG_WARN_DOCUMENTATION_COMMENTS = YES;
				CLANG_WARN_EMPTY_BODY = YES;
				CLANG_WARN_ENUM_CONVERSION = YES;
				CLANG_WARN_INFINITE_RECURSION = YES;
				CLANG_WARN_INT_CONVERSION = YES;
				CLANG_WARN_NON_LITERAL_NULL_CONVERSION = YES;
				CLANG_WARN_OBJC_IMPLICIT_RETAIN_SELF = YES;
				CLANG_WARN_OBJC_LITERAL_CONVERSION = YES;
				CLANG_WARN_OBJC_ROOT_CLASS = YES_ERROR;
				CLANG_WARN_QUOTED_INCLUDE_IN_FRAMEWORK_HEADER = YES;
				CLANG_WARN_RANGE_LOOP_ANALYSIS = YES;
				CLANG_WARN_STRICT_PROTOTYPES = YES;
				CLANG_WARN_SUSPICIOUS_MOVE = YES;
				CLANG_WARN_UNGUARDED_AVAILABILITY = YES_AGGRESSIVE;
				CLANG_WARN_UNREACHABLE_CODE = YES;
				CLANG_WARN__DUPLICATE_METHOD_MATCH = YES;
				COPY_PHASE_STRIP = NO;
				DEBUG_INFORMATION_FORMAT = dwarf;
				ENABLE_STRICT_OBJC_MSGSEND = YES;
				ENABLE_TESTABILITY = YES;
				ENABLE_USER_SCRIPT_SANDBOXING = YES;
				GCC_C_LANGUAGE_STANDARD = gnu11;
				GCC_DYNAMIC_NO_PIC = NO;
				GCC_NO_COMMON_BLOCKS = YES;
				GCC_OPTIMIZATION_LEVEL = 0;
				GCC_PREPROCESSOR_DEFINITIONS = (
					"DEBUG=1",
					"$(inherited)",
				);
				GCC_WARN_64_TO_32_BIT_CONVERSION = YES;
				GCC_WARN_ABOUT_RETURN_TYPE = YES_ERROR;
				GCC_WARN_UNDECLARED_SELECTOR = YES;
				GCC_WARN_UNINITIALIZED_AUTOS = YES_AGGRESSIVE;
				GCC_WARN_UNUSED_FUNCTION = YES;
				GCC_WARN_UNUSED_VARIABLE = YES;
				IPHONEOS_DEPLOYMENT_TARGET = 16.2;
				MTL_ENABLE_DEBUG_INFO = INCLUDE_SOURCE;
				MTL_FAST_MATH = YES;
				ONLY_ACTIVE_ARCH = YES;
				SDKROOT = iphoneos;
				SWIFT_ACTIVE_COMPILATION_CONDITIONS = DEBUG;
				SWIFT_OPTIMIZATION_LEVEL = "-Onone";
			};
			name = Debug;
		};
		FCC1EA382B5061CC0001A65A /* Release */ = {
			isa = XCBuildConfiguration;
			buildSettings = {
				ALWAYS_SEARCH_USER_PATHS = NO;
				CLANG_ANALYZER_NONNULL = YES;
				CLANG_ANALYZER_NUMBER_OBJECT_CONVERSION = YES_AGGRESSIVE;
				CLANG_CXX_LANGUAGE_STANDARD = "gnu++20";
				CLANG_ENABLE_MODULES = YES;
				CLANG_ENABLE_OBJC_ARC = YES;
				CLANG_ENABLE_OBJC_WEAK = YES;
				CLANG_WARN_BLOCK_CAPTURE_AUTORELEASING = YES;
				CLANG_WARN_BOOL_CONVERSION = YES;
				CLANG_WARN_COMMA = YES;
				CLANG_WARN_CONSTANT_CONVERSION = YES;
				CLANG_WARN_DEPRECATED_OBJC_IMPLEMENTATIONS = YES;
				CLANG_WARN_DIRECT_OBJC_ISA_USAGE = YES_ERROR;
				CLANG_WARN_DOCUMENTATION_COMMENTS = YES;
				CLANG_WARN_EMPTY_BODY = YES;
				CLANG_WARN_ENUM_CONVERSION = YES;
				CLANG_WARN_INFINITE_RECURSION = YES;
				CLANG_WARN_INT_CONVERSION = YES;
				CLANG_WARN_NON_LITERAL_NULL_CONVERSION = YES;
				CLANG_WARN_OBJC_IMPLICIT_RETAIN_SELF = YES;
				CLANG_WARN_OBJC_LITERAL_CONVERSION = YES;
				CLANG_WARN_OBJC_ROOT_CLASS = YES_ERROR;
				CLANG_WARN_QUOTED_INCLUDE_IN_FRAMEWORK_HEADER = YES;
				CLANG_WARN_RANGE_LOOP_ANALYSIS = YES;
				CLANG_WARN_STRICT_PROTOTYPES = YES;
				CLANG_WARN_SUSPICIOUS_MOVE = YES;
				CLANG_WARN_UNGUARDED_AVAILABILITY = YES_AGGRESSIVE;
				CLANG_WARN_UNREACHABLE_CODE = YES;
				CLANG_WARN__DUPLICATE_METHOD_MATCH = YES;
				COPY_PHASE_STRIP = NO;
				DEBUG_INFORMATION_FORMAT = "dwarf-with-dsym";
				ENABLE_NS_ASSERTIONS = NO;
				ENABLE_STRICT_OBJC_MSGSEND = YES;
				ENABLE_USER_SCRIPT_SANDBOXING = YES;
				GCC_C_LANGUAGE_STANDARD = gnu11;
				GCC_NO_COMMON_BLOCKS = YES;
				GCC_WARN_64_TO_32_BIT_CONVERSION = YES;
				GCC_WARN_ABOUT_RETURN_TYPE = YES_ERROR;
				GCC_WARN_UNDECLARED_SELECTOR = YES;
				GCC_WARN_UNINITIALIZED_AUTOS = YES_AGGRESSIVE;
				GCC_WARN_UNUSED_FUNCTION = YES;
				GCC_WARN_UNUSED_VARIABLE = YES;
				IPHONEOS_DEPLOYMENT_TARGET = 16.2;
				MTL_ENABLE_DEBUG_INFO = NO;
				MTL_FAST_MATH = YES;
				SDKROOT = iphoneos;
				SWIFT_COMPILATION_MODE = wholemodule;
				SWIFT_OPTIMIZATION_LEVEL = "-O";
				VALIDATE_PRODUCT = YES;
			};
			name = Release;
		};
		FCC1EA3A2B5061CC0001A65A /* Debug */ = {
			isa = XCBuildConfiguration;
			buildSettings = {
				ASSETCATALOG_COMPILER_APPICON_NAME = AppIcon;
				ASSETCATALOG_COMPILER_GLOBAL_ACCENT_COLOR_NAME = AccentColor;
				CODE_SIGN_STYLE = Automatic;
				CURRENT_PROJECT_VERSION = 1;
				DEVELOPMENT_TEAM = 95TP2MMC6C;
				GENERATE_INFOPLIST_FILE = YES;
				INFOPLIST_FILE = AppleClockApp/Info.plist;
				INFOPLIST_KEY_UIApplicationSupportsIndirectInputEvents = YES;
				INFOPLIST_KEY_UILaunchStoryboardName = LaunchScreen;
				INFOPLIST_KEY_UIMainStoryboardFile = Main;
				INFOPLIST_KEY_UISupportedInterfaceOrientations_iPad = "UIInterfaceOrientationPortrait UIInterfaceOrientationPortraitUpsideDown UIInterfaceOrientationLandscapeLeft UIInterfaceOrientationLandscapeRight";
				INFOPLIST_KEY_UISupportedInterfaceOrientations_iPhone = "UIInterfaceOrientationPortrait UIInterfaceOrientationLandscapeLeft UIInterfaceOrientationLandscapeRight";
				LD_RUNPATH_SEARCH_PATHS = (
					"$(inherited)",
					"@executable_path/Frameworks",
				);
				MARKETING_VERSION = 1.0;
				PRODUCT_BUNDLE_IDENTIFIER = com.ensarozturk.AppleClockApp;
				PRODUCT_NAME = "$(TARGET_NAME)";
				SWIFT_EMIT_LOC_STRINGS = YES;
				SWIFT_VERSION = 5.0;
				TARGETED_DEVICE_FAMILY = "1,2";
			};
			name = Debug;
		};
		FCC1EA3B2B5061CC0001A65A /* Release */ = {
			isa = XCBuildConfiguration;
			buildSettings = {
				ASSETCATALOG_COMPILER_APPICON_NAME = AppIcon;
				ASSETCATALOG_COMPILER_GLOBAL_ACCENT_COLOR_NAME = AccentColor;
				CODE_SIGN_STYLE = Automatic;
				CURRENT_PROJECT_VERSION = 1;
				DEVELOPMENT_TEAM = 95TP2MMC6C;
				GENERATE_INFOPLIST_FILE = YES;
				INFOPLIST_FILE = AppleClockApp/Info.plist;
				INFOPLIST_KEY_UIApplicationSupportsIndirectInputEvents = YES;
				INFOPLIST_KEY_UILaunchStoryboardName = LaunchScreen;
				INFOPLIST_KEY_UIMainStoryboardFile = Main;
				INFOPLIST_KEY_UISupportedInterfaceOrientations_iPad = "UIInterfaceOrientationPortrait UIInterfaceOrientationPortraitUpsideDown UIInterfaceOrientationLandscapeLeft UIInterfaceOrientationLandscapeRight";
				INFOPLIST_KEY_UISupportedInterfaceOrientations_iPhone = "UIInterfaceOrientationPortrait UIInterfaceOrientationLandscapeLeft UIInterfaceOrientationLandscapeRight";
				LD_RUNPATH_SEARCH_PATHS = (
					"$(inherited)",
					"@executable_path/Frameworks",
				);
				MARKETING_VERSION = 1.0;
				PRODUCT_BUNDLE_IDENTIFIER = com.ensarozturk.AppleClockApp;
				PRODUCT_NAME = "$(TARGET_NAME)";
				SWIFT_EMIT_LOC_STRINGS = YES;
				SWIFT_VERSION = 5.0;
				TARGETED_DEVICE_FAMILY = "1,2";
			};
			name = Release;
		};
/* End XCBuildConfiguration section */

/* Begin XCConfigurationList section */
		FCC1EA202B5061C90001A65A /* Build configuration list for PBXProject "AppleClockApp" */ = {
			isa = XCConfigurationList;
			buildConfigurations = (
				FCC1EA372B5061CC0001A65A /* Debug */,
				FCC1EA382B5061CC0001A65A /* Release */,
			);
			defaultConfigurationIsVisible = 0;
			defaultConfigurationName = Release;
		};
		FCC1EA392B5061CC0001A65A /* Build configuration list for PBXNativeTarget "AppleClockApp" */ = {
			isa = XCConfigurationList;
			buildConfigurations = (
				FCC1EA3A2B5061CC0001A65A /* Debug */,
				FCC1EA3B2B5061CC0001A65A /* Release */,
			);
			defaultConfigurationIsVisible = 0;
			defaultConfigurationName = Release;
		};
/* End XCConfigurationList section */
	};
	rootObject = FCC1EA1D2B5061C90001A65A /* Project object */;
}
